
Microsoft Visual Studio Solution File, Format Version 12.00
# Visual Studio 15
VisualStudioVersion = 15.0.27428.2037
MinimumVisualStudioVersion = 10.0.40219.1
Project("{9A19103F-16F7-4668-BE54-9A1E7A4F7556}") = "MatchingReq", "MatchingReq\MatchingReq.csproj", "{554B96E6-3BE2-4059-BFAC-5B3A7D51EA33}"
EndProject
Project("{FAE04EC0-301F-11D3-BF4B-00C04F79EFBC}") = "MatchingReqClassLibrary.Tests", "MatchingReqTests\MatchingReqClassLibrary.Tests.csproj", "{8F895428-1B2C-4417-BE72-3DC77F2AC626}"
EndProject
Project("{FAE04EC0-301F-11D3-BF4B-00C04F79EFBC}") = "MatchingReqClassLibrary", "MatchingReqClassLibrary\MatchingReqClassLibrary.csproj", "{4CEED376-F247-40CD-9AD2-D329BC69250E}"
EndProject
Global
	GlobalSection(SolutionConfigurationPlatforms) = preSolution
		Debug|Any CPU = Debug|Any CPU
		Release|Any CPU = Release|Any CPU
	EndGlobalSection
	GlobalSection(ProjectConfigurationPlatforms) = postSolution
		{554B96E6-3BE2-4059-BFAC-5B3A7D51EA33}.Debug|Any CPU.ActiveCfg = Debug|Any CPU
		{554B96E6-3BE2-4059-BFAC-5B3A7D51EA33}.Debug|Any CPU.Build.0 = Debug|Any CPU
		{554B96E6-3BE2-4059-BFAC-5B3A7D51EA33}.Release|Any CPU.ActiveCfg = Release|Any CPU
		{554B96E6-3BE2-4059-BFAC-5B3A7D51EA33}.Release|Any CPU.Build.0 = Release|Any CPU
		{8F895428-1B2C-4417-BE72-3DC77F2AC626}.Debug|Any CPU.ActiveCfg = Debug|Any CPU
		{8F895428-1B2C-4417-BE72-3DC77F2AC626}.Debug|Any CPU.Build.0 = Debug|Any CPU
		{8F895428-1B2C-4417-BE72-3DC77F2AC626}.Release|Any CPU.ActiveCfg = Release|Any CPU
		{8F895428-1B2C-4417-BE72-3DC77F2AC626}.Release|Any CPU.Build.0 = Release|Any CPU
		{4CEED376-F247-40CD-9AD2-D329BC69250E}.Debug|Any CPU.ActiveCfg = Debug|Any CPU
		{4CEED376-F247-40CD-9AD2-D329BC69250E}.Debug|Any CPU.Build.0 = Debug|Any CPU
		{4CEED376-F247-40CD-9AD2-D329BC69250E}.Release|Any CPU.ActiveCfg = Release|Any CPU
		{4CEED376-F247-40CD-9AD2-D329BC69250E}.Release|Any CPU.Build.0 = Release|Any CPU
	EndGlobalSection
	GlobalSection(SolutionProperties) = preSolution
		HideSolutionNode = FALSE
	EndGlobalSection
	GlobalSection(ExtensibilityGlobals) = postSolution
		SolutionGuid = {2121CE1F-9BB3-43D3-8E84-95D3CA6FE75A}
	EndGlobalSection
EndGlobal
